
Microsoft Visual Studio Solution File, Format Version 12.00
# Visual Studio Version 17
VisualStudioVersion = 17.11.35327.3
MinimumVisualStudioVersion = 10.0.40219.1
Project("{888888A0-9F3D-457C-B088-3A5042F75D52}") = "№6(2) Python", "№6(2) Python\№6(2) Python.pyproj", "{19A3FFB7-471C-4CC8-836C-4BC0642835D5}"
EndProject
Global
	GlobalSection(SolutionConfigurationPlatforms) = preSolution
		Debug|Any CPU = Debug|Any CPU
		Release|Any CPU = Release|Any CPU
	EndGlobalSection
	GlobalSection(ProjectConfigurationPlatforms) = postSolution
		{19A3FFB7-471C-4CC8-836C-4BC0642835D5}.Debug|Any CPU.ActiveCfg = Debug|Any CPU
		{19A3FFB7-471C-4CC8-836C-4BC0642835D5}.Release|Any CPU.ActiveCfg = Release|Any CPU
	EndGlobalSection
	GlobalSection(SolutionProperties) = preSolution
		HideSolutionNode = FALSE
	EndGlobalSection
	GlobalSection(ExtensibilityGlobals) = postSolution
		SolutionGuid = {B83DCC54-5C94-4D94-AB58-3D06EBB88B48}
	EndGlobalSection
EndGlobal
